{
  "name": "zipf",
  "version": "1.0.0",
  "lockfileVersion": 1,
  "requires": true,
  "dependencies": {
    "ansi-diff": {
      "version": "1.1.1",
      "resolved": "https://registry.npmjs.org/ansi-diff/-/ansi-diff-1.1.1.tgz",
      "integrity": "sha512-XnTdFDQzbEewrDx8epWXdw7oqHMvv315vEtfqDiEhhWghIf4++h26c3/FMz7iTLhNrnj56DNIXpbxHZq+3s6qw==",
      "requires": {
        "ansi-split": "^1.0.1"
      }
    },
    "ansi-regex": {
      "version": "3.0.0",
      "resolved": "https://registry.npmjs.org/ansi-regex/-/ansi-regex-3.0.0.tgz",
      "integrity": "sha1-7QMXwyIGT3lGbAKWa922Bas32Zg="
    },
    "ansi-split": {
      "version": "1.0.1",
      "resolved": "https://registry.npmjs.org/ansi-split/-/ansi-split-1.0.1.tgz",
      "integrity": "sha512-RRxQym4DFtDNmHIkW6aeFVvrXURb11lGAEPXNiryjCe8bK8RsANjzJ0M2aGOkvBYwP4Bl/xZ8ijtr6D3j1x/eg==",
      "requires": {
        "ansi-regex": "^3.0.0"
      }
    },
    "diffy": {
      "version": "2.1.0",
      "resolved": "https://registry.npmjs.org/diffy/-/diffy-2.1.0.tgz",
      "integrity": "sha512-BIo2fEAv3U0YmyuM1XTijwZ/OJjmXnlSvsguQy3LOaz5C2R/vrMy8SCRdQn1iz3KhBJYJzy+918xS/PKY/47lw==",
      "requires": {
        "ansi-diff": "^1.0.10",
        "neat-input": "^1.9.0"
      }
    },
    "keypress": {
      "version": "0.2.1",
      "resolved": "https://registry.npmjs.org/keypress/-/keypress-0.2.1.tgz",
      "integrity": "sha1-HoBFQlABjbrUw/6USX1uZ7YmnHc="
    },
    "neat-input": {
      "version": "1.11.1",
      "resolved": "https://registry.npmjs.org/neat-input/-/neat-input-1.11.1.tgz",
      "integrity": "sha512-fWo4KrgeLB2TPQ4d8BF1DexvOJYvYuj0IGtSL4Ri3UuT59lJnYiu90xMCMfciySXLVHdWhXq/10A/I/pBynh0g==",
      "requires": {
        "keypress": "^0.2.1"
      }
    }
  }
}
